<Solution>
  <Folder Name="/docs/" />
  <Project Path="src/SharpFetch.Abstractions/SharpFetch.Abstractions.csproj" />
  <Project Path="src/SharpFetch.BenchMark/BenchMark.csproj" />
  <Project Path="src/SharpFetch.Cli/SharpFetch.Cli.csproj" />
  <Project Path="src/SharpFetch.Core/SharpFetch.Core.csproj" />
  <Project Path="src/SharpFetch.UI/SharpFetch.UI.csproj" />
</Solution>
