<Solution>
  <Folder Name="/docs/">
    <File Path="docs/DEPENDENCIES.md" />
    <File Path="docs/DOTNET_ECOSYSTEM_ANALYSIS.md" />
    <File Path="docs/LINUX_MACOS_PERFORMANCE_COMPARISON.md" />
    <File Path="docs/WINDOWS_PERFORMANCE_COMPARISON.md" />
  </Folder>
  <Folder Name="/Solution Items/">
    <File Path=".devcontainer/devcontainer.json" />
    <File Path=".gitignore" />
    <File Path="Directory.Build.props" />
    <File Path="Directory.Packages.props" />
    <File Path="README.md" />
    <File Path="OBSERVATIONS.md" />
    <File Path="Support.md" />
  </Folder>
  <Folder Name="/.github/">
    <File Path=".github/dependabot.yml" />
    <File Path=".github/workflows/ci.yml" />
    <File Path=".github/workflows/release.yml" />
  </Folder>
  <Project Path="src/SharpFetch.Abstractions/SharpFetch.Abstractions.csproj" />
  <Project Path="src/SharpFetch.BenchMark/BenchMark.csproj" />
  <Project Path="src/SharpFetch.Cli/SharpFetch.Cli.csproj" />
  <Project Path="src/SharpFetch.Core/SharpFetch.Core.csproj" />
  <Project Path="src/SharpFetch.UI/SharpFetch.UI.csproj" />
  <Project Path="tests/SharpFetch.Tests/SharpFetch.Tests.csproj" />
</Solution>
